
Microsoft Visual Studio Solution File, Format Version 12.00
# Visual Studio 15
VisualStudioVersion = 15.0.27428.2037
MinimumVisualStudioVersion = 10.0.40219.1
Project("{9A19103F-16F7-4668-BE54-9A1E7A4F7556}") = "SnippetsAPI", "SnippetsAPI.csproj", "{01ABE6DD-1F10-457B-A2CC-9A5F357DA603}"
EndProject
Global
	GlobalSection(SolutionConfigurationPlatforms) = preSolution
		Debug|Any CPU = Debug|Any CPU
		Release|Any CPU = Release|Any CPU
	EndGlobalSection
	GlobalSection(ProjectConfigurationPlatforms) = postSolution
		{01ABE6DD-1F10-457B-A2CC-9A5F357DA603}.Debug|Any CPU.ActiveCfg = Debug|Any CPU
		{01ABE6DD-1F10-457B-A2CC-9A5F357DA603}.Debug|Any CPU.Build.0 = Debug|Any CPU
		{01ABE6DD-1F10-457B-A2CC-9A5F357DA603}.Release|Any CPU.ActiveCfg = Release|Any CPU
		{01ABE6DD-1F10-457B-A2CC-9A5F357DA603}.Release|Any CPU.Build.0 = Release|Any CPU
	EndGlobalSection
	GlobalSection(SolutionProperties) = preSolution
		HideSolutionNode = FALSE
	EndGlobalSection
	GlobalSection(ExtensibilityGlobals) = postSolution
		SolutionGuid = {FF691B46-CAAF-4E18-813F-95ED54238E4B}
	EndGlobalSection
EndGlobal
